
Microsoft Visual Studio Solution File, Format Version 12.00
# Visual Studio Version 16
VisualStudioVersion = 25.0.1703.4
MinimumVisualStudioVersion = 10.0.40219.1
Project("{FAE04EC0-301F-11D3-BF4B-00C04F79EFBC}") = "HRLeaveRequestListFunction", "HRLeaveRequestListFunction\HRLeaveRequestListFunction.csproj", "{4E74F0A4-DDB4-40E7-AEC8-48B042A6DA47}"
EndProject
Project("{FAE04EC0-301F-11D3-BF4B-00C04F79EFBC}") = "HRWebApplication", "..\HRWebApplication\HRWebApplication\HRWebApplication.csproj", "{72B31952-FA70-4EF5-8F6A-1D38581AF297}"
EndProject
Global
	GlobalSection(SolutionConfigurationPlatforms) = preSolution
		Debug|Any CPU = Debug|Any CPU
		Release|Any CPU = Release|Any CPU
	EndGlobalSection
	GlobalSection(ProjectConfigurationPlatforms) = postSolution
		{4E74F0A4-DDB4-40E7-AEC8-48B042A6DA47}.Debug|Any CPU.ActiveCfg = Debug|Any CPU
		{4E74F0A4-DDB4-40E7-AEC8-48B042A6DA47}.Debug|Any CPU.Build.0 = Debug|Any CPU
		{4E74F0A4-DDB4-40E7-AEC8-48B042A6DA47}.Release|Any CPU.ActiveCfg = Release|Any CPU
		{4E74F0A4-DDB4-40E7-AEC8-48B042A6DA47}.Release|Any CPU.Build.0 = Release|Any CPU
		{72B31952-FA70-4EF5-8F6A-1D38581AF297}.Debug|Any CPU.ActiveCfg = Debug|Any CPU
		{72B31952-FA70-4EF5-8F6A-1D38581AF297}.Debug|Any CPU.Build.0 = Debug|Any CPU
		{72B31952-FA70-4EF5-8F6A-1D38581AF297}.Release|Any CPU.ActiveCfg = Release|Any CPU
		{72B31952-FA70-4EF5-8F6A-1D38581AF297}.Release|Any CPU.Build.0 = Release|Any CPU
	EndGlobalSection
	GlobalSection(SolutionProperties) = preSolution
		HideSolutionNode = FALSE
	EndGlobalSection
	GlobalSection(ExtensibilityGlobals) = postSolution
		SolutionGuid = {40327C37-436C-459C-90EA-C79FB3A5B58E}
	EndGlobalSection
EndGlobal
