
Microsoft Visual Studio Solution File, Format Version 12.00
# Visual Studio Version 16
VisualStudioVersion = 25.0.1703.4
MinimumVisualStudioVersion = 10.0.40219.1
Project("{FAE04EC0-301F-11D3-BF4B-00C04F79EFBC}") = "HRLeaveRequestListFunction", "HRLeaveRequestListFunction.csproj", "{DD25C4CA-B96D-4D70-9E96-F2EE5C4B2D8C}"
EndProject
Global
	GlobalSection(SolutionConfigurationPlatforms) = preSolution
		Debug|Any CPU = Debug|Any CPU
		Release|Any CPU = Release|Any CPU
	EndGlobalSection
	GlobalSection(ProjectConfigurationPlatforms) = postSolution
		{DD25C4CA-B96D-4D70-9E96-F2EE5C4B2D8C}.Debug|Any CPU.ActiveCfg = Debug|Any CPU
		{DD25C4CA-B96D-4D70-9E96-F2EE5C4B2D8C}.Debug|Any CPU.Build.0 = Debug|Any CPU
		{DD25C4CA-B96D-4D70-9E96-F2EE5C4B2D8C}.Release|Any CPU.ActiveCfg = Release|Any CPU
		{DD25C4CA-B96D-4D70-9E96-F2EE5C4B2D8C}.Release|Any CPU.Build.0 = Release|Any CPU
	EndGlobalSection
	GlobalSection(SolutionProperties) = preSolution
		HideSolutionNode = FALSE
	EndGlobalSection
	GlobalSection(ExtensibilityGlobals) = postSolution
		SolutionGuid = {38BC955A-CA0B-4096-B58A-3B44813B2245}
	EndGlobalSection
EndGlobal
